// !$*UTF8*$!
{
	archiveVersion = 1;
	classes = {
	};
	objectVersion = 55;
	objects = {

/* Begin PBXBuildFile section */
		649F1E462813BDC0000332D1 /* AppDelegate.swift in Sources */ = {isa = PBXBuildFile; fileRef = 649F1E452813BDC0000332D1 /* AppDelegate.swift */; };
		649F1E482813BDC0000332D1 /* SceneDelegate.swift in Sources */ = {isa = PBXBuildFile; fileRef = 649F1E472813BDC0000332D1 /* SceneDelegate.swift */; };
		649F1E4A2813BDC0000332D1 /* BookListViewController.swift in Sources */ = {isa = PBXBuildFile; fileRef = 649F1E492813BDC0000332D1 /* BookListViewController.swift */; };
		649F1E4D2813BDC0000332D1 /* Main.storyboard in Resources */ = {isa = PBXBuildFile; fileRef = 649F1E4B2813BDC0000332D1 /* Main.storyboard */; };
		649F1E502813BDC0000332D1 /* book_store.xcdatamodeld in Sources */ = {isa = PBXBuildFile; fileRef = 649F1E4E2813BDC0000332D1 /* book_store.xcdatamodeld */; };
		649F1E522813BDC1000332D1 /* Assets.xcassets in Resources */ = {isa = PBXBuildFile; fileRef = 649F1E512813BDC1000332D1 /* Assets.xcassets */; };
		649F1E552813BDC1000332D1 /* LaunchScreen.storyboard in Resources */ = {isa = PBXBuildFile; fileRef = 649F1E532813BDC1000332D1 /* LaunchScreen.storyboard */; };
		649F1E602813BDC1000332D1 /* book_storeTests.swift in Sources */ = {isa = PBXBuildFile; fileRef = 649F1E5F2813BDC1000332D1 /* book_storeTests.swift */; };
		649F1E6A2813BDC1000332D1 /* book_storeUITests.swift in Sources */ = {isa = PBXBuildFile; fileRef = 649F1E692813BDC1000332D1 /* book_storeUITests.swift */; };
		649F1E6C2813BDC1000332D1 /* book_storeUITestsLaunchTests.swift in Sources */ = {isa = PBXBuildFile; fileRef = 649F1E6B2813BDC1000332D1 /* book_storeUITestsLaunchTests.swift */; };
/* End PBXBuildFile section */

/* Begin PBXContainerItemProxy section */
		649F1E5C2813BDC1000332D1 /* PBXContainerItemProxy */ = {
			isa = PBXContainerItemProxy;
			containerPortal = 649F1E3A2813BDC0000332D1 /* Project object */;
			proxyType = 1;
			remoteGlobalIDString = 649F1E412813BDC0000332D1;
			remoteInfo = "book-store";
		};
		649F1E662813BDC1000332D1 /* PBXContainerItemProxy */ = {
			isa = PBXContainerItemProxy;
			containerPortal = 649F1E3A2813BDC0000332D1 /* Project object */;
			proxyType = 1;
			remoteGlobalIDString = 649F1E412813BDC0000332D1;
			remoteInfo = "book-store";
		};
/* End PBXContainerItemProxy section */

/* Begin PBXFileReference section */
		649F1E422813BDC0000332D1 /* book-store.app */ = {isa = PBXFileReference; explicitFileType = wrapper.application; includeInIndex = 0; path = "book-store.app"; sourceTree = BUILT_PRODUCTS_DIR; };
		649F1E452813BDC0000332D1 /* AppDelegate.swift */ = {isa = PBXFileReference; lastKnownFileType = sourcecode.swift; path = AppDelegate.swift; sourceTree = "<group>"; };
		649F1E472813BDC0000332D1 /* SceneDelegate.swift */ = {isa = PBXFileReference; lastKnownFileType = sourcecode.swift; path = SceneDelegate.swift; sourceTree = "<group>"; };
		649F1E492813BDC0000332D1 /* BookListViewController.swift */ = {isa = PBXFileReference; lastKnownFileType = sourcecode.swift; path = BookListViewController.swift; sourceTree = "<group>"; };
		649F1E4C2813BDC0000332D1 /* Base */ = {isa = PBXFileReference; lastKnownFileType = file.storyboard; name = Base; path = Base.lproj/Main.storyboard; sourceTree = "<group>"; };
		649F1E4F2813BDC0000332D1 /* book_store.xcdatamodel */ = {isa = PBXFileReference; lastKnownFileType = wrapper.xcdatamodel; path = book_store.xcdatamodel; sourceTree = "<group>"; };
		649F1E512813BDC1000332D1 /* Assets.xcassets */ = {isa = PBXFileReference; lastKnownFileType = folder.assetcatalog; path = Assets.xcassets; sourceTree = "<group>"; };
		649F1E542813BDC1000332D1 /* Base */ = {isa = PBXFileReference; lastKnownFileType = file.storyboard; name = Base; path = Base.lproj/LaunchScreen.storyboard; sourceTree = "<group>"; };
		649F1E562813BDC1000332D1 /* Info.plist */ = {isa = PBXFileReference; lastKnownFileType = text.plist.xml; path = Info.plist; sourceTree = "<group>"; };
		649F1E5B2813BDC1000332D1 /* book-storeTests.xctest */ = {isa = PBXFileReference; explicitFileType = wrapper.cfbundle; includeInIndex = 0; path = "book-storeTests.xctest"; sourceTree = BUILT_PRODUCTS_DIR; };
		649F1E5F2813BDC1000332D1 /* book_storeTests.swift */ = {isa = PBXFileReference; lastKnownFileType = sourcecode.swift; path = book_storeTests.swift; sourceTree = "<group>"; };
		649F1E652813BDC1000332D1 /* book-storeUITests.xctest */ = {isa = PBXFileReference; explicitFileType = wrapper.cfbundle; includeInIndex = 0; path = "book-storeUITests.xctest"; sourceTree = BUILT_PRODUCTS_DIR; };
		649F1E692813BDC1000332D1 /* book_storeUITests.swift */ = {isa = PBXFileReference; lastKnownFileType = sourcecode.swift; path = book_storeUITests.swift; sourceTree = "<group>"; };
		649F1E6B2813BDC1000332D1 /* book_storeUITestsLaunchTests.swift */ = {isa = PBXFileReference; lastKnownFileType = sourcecode.swift; path = book_storeUITestsLaunchTests.swift; sourceTree = "<group>"; };
/* End PBXFileReference section */

/* Begin PBXFrameworksBuildPhase section */
		649F1E3F2813BDC0000332D1 /* Frameworks */ = {
			isa = PBXFrameworksBuildPhase;
			buildActionMask = 2147483647;
			files = (
			);
			runOnlyForDeploymentPostprocessing = 0;
		};
		649F1E582813BDC1000332D1 /* Frameworks */ = {
			isa = PBXFrameworksBuildPhase;
			buildActionMask = 2147483647;
			files = (
			);
			runOnlyForDeploymentPostprocessing = 0;
		};
		649F1E622813BDC1000332D1 /* Frameworks */ = {
			isa = PBXFrameworksBuildPhase;
			buildActionMask = 2147483647;
			files = (
			);
			runOnlyForDeploymentPostprocessing = 0;
		};
/* End PBXFrameworksBuildPhase section */

/* Begin PBXGroup section */
		645914F7281597A900A571CD /* Controller */ = {
			isa = PBXGroup;
			children = (
				649F1E492813BDC0000332D1 /* BookListViewController.swift */,
			);
			path = Controller;
			sourceTree = "<group>";
		};
		645914F8281597B100A571CD /* View */ = {
			isa = PBXGroup;
			children = (
				649F1E532813BDC1000332D1 /* LaunchScreen.storyboard */,
				649F1E4B2813BDC0000332D1 /* Main.storyboard */,
			);
			path = View;
			sourceTree = "<group>";
		};
		645914F9281597C200A571CD /* Model */ = {
			isa = PBXGroup;
			children = (
			);
			name = Model;
			sourceTree = "<group>";
		};
		645914FA281597F600A571CD /* Resource */ = {
			isa = PBXGroup;
			children = (
				649F1E512813BDC1000332D1 /* Assets.xcassets */,
			);
			path = Resource;
			sourceTree = "<group>";
		};
		645914FB2815980700A571CD /* Application */ = {
			isa = PBXGroup;
			children = (
				649F1E452813BDC0000332D1 /* AppDelegate.swift */,
				649F1E472813BDC0000332D1 /* SceneDelegate.swift */,
			);
			path = Application;
			sourceTree = "<group>";
		};
		649F1E392813BDC0000332D1 = {
			isa = PBXGroup;
			children = (
				649F1E442813BDC0000332D1 /* book-store */,
				649F1E5E2813BDC1000332D1 /* book-storeTests */,
				649F1E682813BDC1000332D1 /* book-storeUITests */,
				649F1E432813BDC0000332D1 /* Products */,
			);
			sourceTree = "<group>";
		};
		649F1E432813BDC0000332D1 /* Products */ = {
			isa = PBXGroup;
			children = (
				649F1E422813BDC0000332D1 /* book-store.app */,
				649F1E5B2813BDC1000332D1 /* book-storeTests.xctest */,
				649F1E652813BDC1000332D1 /* book-storeUITests.xctest */,
			);
			name = Products;
			sourceTree = "<group>";
		};
		649F1E442813BDC0000332D1 /* book-store */ = {
			isa = PBXGroup;
			children = (
				645914FB2815980700A571CD /* Application */,
				645914F9281597C200A571CD /* Model */,
				645914F7281597A900A571CD /* Controller */,
				645914F8281597B100A571CD /* View */,
				645914FA281597F600A571CD /* Resource */,
				649F1E562813BDC1000332D1 /* Info.plist */,
				649F1E4E2813BDC0000332D1 /* book_store.xcdatamodeld */,
			);
			path = "book-store";
			sourceTree = "<group>";
		};
		649F1E5E2813BDC1000332D1 /* book-storeTests */ = {
			isa = PBXGroup;
			children = (
				649F1E5F2813BDC1000332D1 /* book_storeTests.swift */,
			);
			path = "book-storeTests";
			sourceTree = "<group>";
		};
		649F1E682813BDC1000332D1 /* book-storeUITests */ = {
			isa = PBXGroup;
			children = (
				649F1E692813BDC1000332D1 /* book_storeUITests.swift */,
				649F1E6B2813BDC1000332D1 /* book_storeUITestsLaunchTests.swift */,
			);
			path = "book-storeUITests";
			sourceTree = "<group>";
		};
/* End PBXGroup section */

/* Begin PBXNativeTarget section */
		649F1E412813BDC0000332D1 /* book-store */ = {
			isa = PBXNativeTarget;
			buildConfigurationList = 649F1E6F2813BDC1000332D1 /* Build configuration list for PBXNativeTarget "book-store" */;
			buildPhases = (
				649F1E3E2813BDC0000332D1 /* Sources */,
				649F1E3F2813BDC0000332D1 /* Frameworks */,
				649F1E402813BDC0000332D1 /* Resources */,
			);
			buildRules = (
			);
			dependencies = (
			);
			name = "book-store";
			productName = "book-store";
			productReference = 649F1E422813BDC0000332D1 /* book-store.app */;
			productType = "com.apple.product-type.application";
		};
		649F1E5A2813BDC1000332D1 /* book-storeTests */ = {
			isa = PBXNativeTarget;
			buildConfigurationList = 649F1E722813BDC1000332D1 /* Build configuration list for PBXNativeTarget "book-storeTests" */;
			buildPhases = (
				649F1E572813BDC1000332D1 /* Sources */,
				649F1E582813BDC1000332D1 /* Frameworks */,
				649F1E592813BDC1000332D1 /* Resources */,
			);
			buildRules = (
			);
			dependencies = (
				649F1E5D2813BDC1000332D1 /* PBXTargetDependency */,
			);
			name = "book-storeTests";
			productName = "book-storeTests";
			productReference = 649F1E5B2813BDC1000332D1 /* book-storeTests.xctest */;
			productType = "com.apple.product-type.bundle.unit-test";
		};
		649F1E642813BDC1000332D1 /* book-storeUITests */ = {
			isa = PBXNativeTarget;
			buildConfigurationList = 649F1E752813BDC1000332D1 /* Build configuration list for PBXNativeTarget "book-storeUITests" */;
			buildPhases = (
				649F1E612813BDC1000332D1 /* Sources */,
				649F1E622813BDC1000332D1 /* Frameworks */,
				649F1E632813BDC1000332D1 /* Resources */,
			);
			buildRules = (
			);
			dependencies = (
				649F1E672813BDC1000332D1 /* PBXTargetDependency */,
			);
			name = "book-storeUITests";
			productName = "book-storeUITests";
			productReference = 649F1E652813BDC1000332D1 /* book-storeUITests.xctest */;
			productType = "com.apple.product-type.bundle.ui-testing";
		};
/* End PBXNativeTarget section */

/* Begin PBXProject section */
		649F1E3A2813BDC0000332D1 /* Project object */ = {
			isa = PBXProject;
			attributes = {
				BuildIndependentTargetsInParallel = 1;
				LastSwiftUpdateCheck = 1330;
				LastUpgradeCheck = 1330;
				TargetAttributes = {
					649F1E412813BDC0000332D1 = {
						CreatedOnToolsVersion = 13.3.1;
					};
					649F1E5A2813BDC1000332D1 = {
						CreatedOnToolsVersion = 13.3.1;
						TestTargetID = 649F1E412813BDC0000332D1;
					};
					649F1E642813BDC1000332D1 = {
						CreatedOnToolsVersion = 13.3.1;
						TestTargetID = 649F1E412813BDC0000332D1;
					};
				};
			};
			buildConfigurationList = 649F1E3D2813BDC0000332D1 /* Build configuration list for PBXProject "book-store" */;
			compatibilityVersion = "Xcode 13.0";
			developmentRegion = en;
			hasScannedForEncodings = 0;
			knownRegions = (
				en,
				Base,
			);
			mainGroup = 649F1E392813BDC0000332D1;
			productRefGroup = 649F1E432813BDC0000332D1 /* Products */;
			projectDirPath = "";
			projectRoot = "";
			targets = (
				649F1E412813BDC0000332D1 /* book-store */,
				649F1E5A2813BDC1000332D1 /* book-storeTests */,
				649F1E642813BDC1000332D1 /* book-storeUITests */,
			);
		};
/* End PBXProject section */

/* Begin PBXResourcesBuildPhase section */
		649F1E402813BDC0000332D1 /* Resources */ = {
			isa = PBXResourcesBuildPhase;
			buildActionMask = 2147483647;
			files = (
				649F1E552813BDC1000332D1 /* LaunchScreen.storyboard in Resources */,
				649F1E522813BDC1000332D1 /* Assets.xcassets in Resources */,
				649F1E4D2813BDC0000332D1 /* Main.storyboard in Resources */,
			);
			runOnlyForDeploymentPostprocessing = 0;
		};
		649F1E592813BDC1000332D1 /* Resources */ = {
			isa = PBXResourcesBuildPhase;
			buildActionMask = 2147483647;
			files = (
			);
			runOnlyForDeploymentPostprocessing = 0;
		};
		649F1E632813BDC1000332D1 /* Resources */ = {
			isa = PBXResourcesBuildPhase;
			buildActionMask = 2147483647;
			files = (
			);
			runOnlyForDeploymentPostprocessing = 0;
		};
/* End PBXResourcesBuildPhase section */

/* Begin PBXSourcesBuildPhase section */
		649F1E3E2813BDC0000332D1 /* Sources */ = {
			isa = PBXSourcesBuildPhase;
			buildActionMask = 2147483647;
			files = (
				649F1E4A2813BDC0000332D1 /* BookListViewController.swift in Sources */,
				649F1E462813BDC0000332D1 /* AppDelegate.swift in Sources */,
				649F1E502813BDC0000332D1 /* book_store.xcdatamodeld in Sources */,
				649F1E482813BDC0000332D1 /* SceneDelegate.swift in Sources */,
			);
			runOnlyForDeploymentPostprocessing = 0;
		};
		649F1E572813BDC1000332D1 /* Sources */ = {
			isa = PBXSourcesBuildPhase;
			buildActionMask = 2147483647;
			files = (
				649F1E602813BDC1000332D1 /* book_storeTests.swift in Sources */,
			);
			runOnlyForDeploymentPostprocessing = 0;
		};
		649F1E612813BDC1000332D1 /* Sources */ = {
			isa = PBXSourcesBuildPhase;
			buildActionMask = 2147483647;
			files = (
				649F1E6A2813BDC1000332D1 /* book_storeUITests.swift in Sources */,
				649F1E6C2813BDC1000332D1 /* book_storeUITestsLaunchTests.swift in Sources */,
			);
			runOnlyForDeploymentPostprocessing = 0;
		};
/* End PBXSourcesBuildPhase section */

/* Begin PBXTargetDependency section */
		649F1E5D2813BDC1000332D1 /* PBXTargetDependency */ = {
			isa = PBXTargetDependency;
			target = 649F1E412813BDC0000332D1 /* book-store */;
			targetProxy = 649F1E5C2813BDC1000332D1 /* PBXContainerItemProxy */;
		};
		649F1E672813BDC1000332D1 /* PBXTargetDependency */ = {
			isa = PBXTargetDependency;
			target = 649F1E412813BDC0000332D1 /* book-store */;
			targetProxy = 649F1E662813BDC1000332D1 /* PBXContainerItemProxy */;
		};
/* End PBXTargetDependency section */

/* Begin PBXVariantGroup section */
		649F1E4B2813BDC0000332D1 /* Main.storyboard */ = {
			isa = PBXVariantGroup;
			children = (
				649F1E4C2813BDC0000332D1 /* Base */,
			);
			name = Main.storyboard;
			sourceTree = "<group>";
		};
		649F1E532813BDC1000332D1 /* LaunchScreen.storyboard */ = {
			isa = PBXVariantGroup;
			children = (
				649F1E542813BDC1000332D1 /* Base */,
			);
			name = LaunchScreen.storyboard;
			sourceTree = "<group>";
		};
/* End PBXVariantGroup section */

/* Begin XCBuildConfiguration section */
		649F1E6D2813BDC1000332D1 /* Debug */ = {
			isa = XCBuildConfiguration;
			buildSettings = {
				ALWAYS_SEARCH_USER_PATHS = NO;
				CLANG_ANALYZER_NONNULL = YES;
				CLANG_ANALYZER_NUMBER_OBJECT_CONVERSION = YES_AGGRESSIVE;
				CLANG_CXX_LANGUAGE_STANDARD = "gnu++17";
				CLANG_ENABLE_MODULES = YES;
				CLANG_ENABLE_OBJC_ARC = YES;
				CLANG_ENABLE_OBJC_WEAK = YES;
				CLANG_WARN_BLOCK_CAPTURE_AUTORELEASING = YES;
				CLANG_WARN_BOOL_CONVERSION = YES;
				CLANG_WARN_COMMA = YES;
				CLANG_WARN_CONSTANT_CONVERSION = YES;
				CLANG_WARN_DEPRECATED_OBJC_IMPLEMENTATIONS = YES;
				CLANG_WARN_DIRECT_OBJC_ISA_USAGE = YES_ERROR;
				CLANG_WARN_DOCUMENTATION_COMMENTS = YES;
				CLANG_WARN_EMPTY_BODY = YES;
				CLANG_WARN_ENUM_CONVERSION = YES;
				CLANG_WARN_INFINITE_RECURSION = YES;
				CLANG_WARN_INT_CONVERSION = YES;
				CLANG_WARN_NON_LITERAL_NULL_CONVERSION = YES;
				CLANG_WARN_OBJC_IMPLICIT_RETAIN_SELF = YES;
				CLANG_WARN_OBJC_LITERAL_CONVERSION = YES;
				CLANG_WARN_OBJC_ROOT_CLASS = YES_ERROR;
				CLANG_WARN_QUOTED_INCLUDE_IN_FRAMEWORK_HEADER = YES;
				CLANG_WARN_RANGE_LOOP_ANALYSIS = YES;
				CLANG_WARN_STRICT_PROTOTYPES = YES;
				CLANG_WARN_SUSPICIOUS_MOVE = YES;
				CLANG_WARN_UNGUARDED_AVAILABILITY = YES_AGGRESSIVE;
				CLANG_WARN_UNREACHABLE_CODE = YES;
				CLANG_WARN__DUPLICATE_METHOD_MATCH = YES;
				COPY_PHASE_STRIP = NO;
				DEBUG_INFORMATION_FORMAT = dwarf;
				ENABLE_STRICT_OBJC_MSGSEND = YES;
				ENABLE_TESTABILITY = YES;
				GCC_C_LANGUAGE_STANDARD = gnu11;
				GCC_DYNAMIC_NO_PIC = NO;
				GCC_NO_COMMON_BLOCKS = YES;
				GCC_OPTIMIZATION_LEVEL = 0;
				GCC_PREPROCESSOR_DEFINITIONS = (
					"DEBUG=1",
					"$(inherited)",
				);
				GCC_WARN_64_TO_32_BIT_CONVERSION = YES;
				GCC_WARN_ABOUT_RETURN_TYPE = YES_ERROR;
				GCC_WARN_UNDECLARED_SELECTOR = YES;
				GCC_WARN_UNINITIALIZED_AUTOS = YES_AGGRESSIVE;
				GCC_WARN_UNUSED_FUNCTION = YES;
				GCC_WARN_UNUSED_VARIABLE = YES;
				IPHONEOS_DEPLOYMENT_TARGET = 15.4;
				MTL_ENABLE_DEBUG_INFO = INCLUDE_SOURCE;
				MTL_FAST_MATH = YES;
				ONLY_ACTIVE_ARCH = YES;
				SDKROOT = iphoneos;
				SWIFT_ACTIVE_COMPILATION_CONDITIONS = DEBUG;
				SWIFT_OPTIMIZATION_LEVEL = "-Onone";
			};
			name = Debug;
		};
		649F1E6E2813BDC1000332D1 /* Release */ = {
			isa = XCBuildConfiguration;
			buildSettings = {
				ALWAYS_SEARCH_USER_PATHS = NO;
				CLANG_ANALYZER_NONNULL = YES;
				CLANG_ANALYZER_NUMBER_OBJECT_CONVERSION = YES_AGGRESSIVE;
				CLANG_CXX_LANGUAGE_STANDARD = "gnu++17";
				CLANG_ENABLE_MODULES = YES;
				CLANG_ENABLE_OBJC_ARC = YES;
				CLANG_ENABLE_OBJC_WEAK = YES;
				CLANG_WARN_BLOCK_CAPTURE_AUTORELEASING = YES;
				CLANG_WARN_BOOL_CONVERSION = YES;
				CLANG_WARN_COMMA = YES;
				CLANG_WARN_CONSTANT_CONVERSION = YES;
				CLANG_WARN_DEPRECATED_OBJC_IMPLEMENTATIONS = YES;
				CLANG_WARN_DIRECT_OBJC_ISA_USAGE = YES_ERROR;
				CLANG_WARN_DOCUMENTATION_COMMENTS = YES;
				CLANG_WARN_EMPTY_BODY = YES;
				CLANG_WARN_ENUM_CONVERSION = YES;
				CLANG_WARN_INFINITE_RECURSION = YES;
				CLANG_WARN_INT_CONVERSION = YES;
				CLANG_WARN_NON_LITERAL_NULL_CONVERSION = YES;
				CLANG_WARN_OBJC_IMPLICIT_RETAIN_SELF = YES;
				CLANG_WARN_OBJC_LITERAL_CONVERSION = YES;
				CLANG_WARN_OBJC_ROOT_CLASS = YES_ERROR;
				CLANG_WARN_QUOTED_INCLUDE_IN_FRAMEWORK_HEADER = YES;
				CLANG_WARN_RANGE_LOOP_ANALYSIS = YES;
				CLANG_WARN_STRICT_PROTOTYPES = YES;
				CLANG_WARN_SUSPICIOUS_MOVE = YES;
				CLANG_WARN_UNGUARDED_AVAILABILITY = YES_AGGRESSIVE;
				CLANG_WARN_UNREACHABLE_CODE = YES;
				CLANG_WARN__DUPLICATE_METHOD_MATCH = YES;
				COPY_PHASE_STRIP = NO;
				DEBUG_INFORMATION_FORMAT = "dwarf-with-dsym";
				ENABLE_NS_ASSERTIONS = NO;
				ENABLE_STRICT_OBJC_MSGSEND = YES;
				GCC_C_LANGUAGE_STANDARD = gnu11;
				GCC_NO_COMMON_BLOCKS = YES;
				GCC_WARN_64_TO_32_BIT_CONVERSION = YES;
				GCC_WARN_ABOUT_RETURN_TYPE = YES_ERROR;
				GCC_WARN_UNDECLARED_SELECTOR = YES;
				GCC_WARN_UNINITIALIZED_AUTOS = YES_AGGRESSIVE;
				GCC_WARN_UNUSED_FUNCTION = YES;
				GCC_WARN_UNUSED_VARIABLE = YES;
				IPHONEOS_DEPLOYMENT_TARGET = 15.4;
				MTL_ENABLE_DEBUG_INFO = NO;
				MTL_FAST_MATH = YES;
				SDKROOT = iphoneos;
				SWIFT_COMPILATION_MODE = wholemodule;
				SWIFT_OPTIMIZATION_LEVEL = "-O";
				VALIDATE_PRODUCT = YES;
			};
			name = Release;
		};
		649F1E702813BDC1000332D1 /* Debug */ = {
			isa = XCBuildConfiguration;
			buildSettings = {
				ASSETCATALOG_COMPILER_APPICON_NAME = AppIcon;
				ASSETCATALOG_COMPILER_GLOBAL_ACCENT_COLOR_NAME = AccentColor;
				CODE_SIGN_STYLE = Automatic;
				CURRENT_PROJECT_VERSION = 1;
				DEVELOPMENT_TEAM = MTDP4HFM7X;
				GENERATE_INFOPLIST_FILE = YES;
				INFOPLIST_FILE = "book-store/Info.plist";
				INFOPLIST_KEY_UIApplicationSupportsIndirectInputEvents = YES;
				INFOPLIST_KEY_UILaunchStoryboardName = LaunchScreen;
				INFOPLIST_KEY_UIMainStoryboardFile = Main;
				INFOPLIST_KEY_UISupportedInterfaceOrientations_iPad = "UIInterfaceOrientationPortrait UIInterfaceOrientationPortraitUpsideDown UIInterfaceOrientationLandscapeLeft UIInterfaceOrientationLandscapeRight";
				INFOPLIST_KEY_UISupportedInterfaceOrientations_iPhone = "UIInterfaceOrientationPortrait UIInterfaceOrientationLandscapeLeft UIInterfaceOrientationLandscapeRight";
				LD_RUNPATH_SEARCH_PATHS = (
					"$(inherited)",
					"@executable_path/Frameworks",
				);
				MARKETING_VERSION = 1.0;
				PRODUCT_BUNDLE_IDENTIFIER = "com.Eddy.book-store";
				PRODUCT_NAME = "$(TARGET_NAME)";
				SWIFT_EMIT_LOC_STRINGS = YES;
				SWIFT_VERSION = 5.0;
				TARGETED_DEVICE_FAMILY = "1,2";
			};
			name = Debug;
		};
		649F1E712813BDC1000332D1 /* Release */ = {
			isa = XCBuildConfiguration;
			buildSettings = {
				ASSETCATALOG_COMPILER_APPICON_NAME = AppIcon;
				ASSETCATALOG_COMPILER_GLOBAL_ACCENT_COLOR_NAME = AccentColor;
				CODE_SIGN_STYLE = Automatic;
				CURRENT_PROJECT_VERSION = 1;
				DEVELOPMENT_TEAM = MTDP4HFM7X;
				GENERATE_INFOPLIST_FILE = YES;
				INFOPLIST_FILE = "book-store/Info.plist";
				INFOPLIST_KEY_UIApplicationSupportsIndirectInputEvents = YES;
				INFOPLIST_KEY_UILaunchStoryboardName = LaunchScreen;
				INFOPLIST_KEY_UIMainStoryboardFile = Main;
				INFOPLIST_KEY_UISupportedInterfaceOrientations_iPad = "UIInterfaceOrientationPortrait UIInterfaceOrientationPortraitUpsideDown UIInterfaceOrientationLandscapeLeft UIInterfaceOrientationLandscapeRight";
				INFOPLIST_KEY_UISupportedInterfaceOrientations_iPhone = "UIInterfaceOrientationPortrait UIInterfaceOrientationLandscapeLeft UIInterfaceOrientationLandscapeRight";
				LD_RUNPATH_SEARCH_PATHS = (
					"$(inherited)",
					"@executable_path/Frameworks",
				);
				MARKETING_VERSION = 1.0;
				PRODUCT_BUNDLE_IDENTIFIER = "com.Eddy.book-store";
				PRODUCT_NAME = "$(TARGET_NAME)";
				SWIFT_EMIT_LOC_STRINGS = YES;
				SWIFT_VERSION = 5.0;
				TARGETED_DEVICE_FAMILY = "1,2";
			};
			name = Release;
		};
		649F1E732813BDC1000332D1 /* Debug */ = {
			isa = XCBuildConfiguration;
			buildSettings = {
				ALWAYS_EMBED_SWIFT_STANDARD_LIBRARIES = YES;
				BUNDLE_LOADER = "$(TEST_HOST)";
				CODE_SIGN_STYLE = Automatic;
				CURRENT_PROJECT_VERSION = 1;
				DEVELOPMENT_TEAM = MTDP4HFM7X;
				GENERATE_INFOPLIST_FILE = YES;
				IPHONEOS_DEPLOYMENT_TARGET = 15.4;
				MARKETING_VERSION = 1.0;
				PRODUCT_BUNDLE_IDENTIFIER = "com.Eddy.book-storeTests";
				PRODUCT_NAME = "$(TARGET_NAME)";
				SWIFT_EMIT_LOC_STRINGS = NO;
				SWIFT_VERSION = 5.0;
				TARGETED_DEVICE_FAMILY = "1,2";
				TEST_HOST = "$(BUILT_PRODUCTS_DIR)/book-store.app/book-store";
			};
			name = Debug;
		};
		649F1E742813BDC1000332D1 /* Release */ = {
			isa = XCBuildConfiguration;
			buildSettings = {
				ALWAYS_EMBED_SWIFT_STANDARD_LIBRARIES = YES;
				BUNDLE_LOADER = "$(TEST_HOST)";
				CODE_SIGN_STYLE = Automatic;
				CURRENT_PROJECT_VERSION = 1;
				DEVELOPMENT_TEAM = MTDP4HFM7X;
				GENERATE_INFOPLIST_FILE = YES;
				IPHONEOS_DEPLOYMENT_TARGET = 15.4;
				MARKETING_VERSION = 1.0;
				PRODUCT_BUNDLE_IDENTIFIER = "com.Eddy.book-storeTests";
				PRODUCT_NAME = "$(TARGET_NAME)";
				SWIFT_EMIT_LOC_STRINGS = NO;
				SWIFT_VERSION = 5.0;
				TARGETED_DEVICE_FAMILY = "1,2";
				TEST_HOST = "$(BUILT_PRODUCTS_DIR)/book-store.app/book-store";
			};
			name = Release;
		};
		649F1E762813BDC1000332D1 /* Debug */ = {
			isa = XCBuildConfiguration;
			buildSettings = {
				ALWAYS_EMBED_SWIFT_STANDARD_LIBRARIES = YES;
				CODE_SIGN_STYLE = Automatic;
				CURRENT_PROJECT_VERSION = 1;
				DEVELOPMENT_TEAM = MTDP4HFM7X;
				GENERATE_INFOPLIST_FILE = YES;
				MARKETING_VERSION = 1.0;
				PRODUCT_BUNDLE_IDENTIFIER = "com.Eddy.book-storeUITests";
				PRODUCT_NAME = "$(TARGET_NAME)";
				SWIFT_EMIT_LOC_STRINGS = NO;
				SWIFT_VERSION = 5.0;
				TARGETED_DEVICE_FAMILY = "1,2";
				TEST_TARGET_NAME = "book-store";
			};
			name = Debug;
		};
		649F1E772813BDC1000332D1 /* Release */ = {
			isa = XCBuildConfiguration;
			buildSettings = {
				ALWAYS_EMBED_SWIFT_STANDARD_LIBRARIES = YES;
				CODE_SIGN_STYLE = Automatic;
				CURRENT_PROJECT_VERSION = 1;
				DEVELOPMENT_TEAM = MTDP4HFM7X;
				GENERATE_INFOPLIST_FILE = YES;
				MARKETING_VERSION = 1.0;
				PRODUCT_BUNDLE_IDENTIFIER = "com.Eddy.book-storeUITests";
				PRODUCT_NAME = "$(TARGET_NAME)";
				SWIFT_EMIT_LOC_STRINGS = NO;
				SWIFT_VERSION = 5.0;
				TARGETED_DEVICE_FAMILY = "1,2";
				TEST_TARGET_NAME = "book-store";
			};
			name = Release;
		};
/* End XCBuildConfiguration section */

/* Begin XCConfigurationList section */
		649F1E3D2813BDC0000332D1 /* Build configuration list for PBXProject "book-store" */ = {
			isa = XCConfigurationList;
			buildConfigurations = (
				649F1E6D2813BDC1000332D1 /* Debug */,
				649F1E6E2813BDC1000332D1 /* Release */,
			);
			defaultConfigurationIsVisible = 0;
			defaultConfigurationName = Release;
		};
		649F1E6F2813BDC1000332D1 /* Build configuration list for PBXNativeTarget "book-store" */ = {
			isa = XCConfigurationList;
			buildConfigurations = (
				649F1E702813BDC1000332D1 /* Debug */,
				649F1E712813BDC1000332D1 /* Release */,
			);
			defaultConfigurationIsVisible = 0;
			defaultConfigurationName = Release;
		};
		649F1E722813BDC1000332D1 /* Build configuration list for PBXNativeTarget "book-storeTests" */ = {
			isa = XCConfigurationList;
			buildConfigurations = (
				649F1E732813BDC1000332D1 /* Debug */,
				649F1E742813BDC1000332D1 /* Release */,
			);
			defaultConfigurationIsVisible = 0;
			defaultConfigurationName = Release;
		};
		649F1E752813BDC1000332D1 /* Build configuration list for PBXNativeTarget "book-storeUITests" */ = {
			isa = XCConfigurationList;
			buildConfigurations = (
				649F1E762813BDC1000332D1 /* Debug */,
				649F1E772813BDC1000332D1 /* Release */,
			);
			defaultConfigurationIsVisible = 0;
			defaultConfigurationName = Release;
		};
/* End XCConfigurationList section */

/* Begin XCVersionGroup section */
		649F1E4E2813BDC0000332D1 /* book_store.xcdatamodeld */ = {
			isa = XCVersionGroup;
			children = (
				649F1E4F2813BDC0000332D1 /* book_store.xcdatamodel */,
			);
			currentVersion = 649F1E4F2813BDC0000332D1 /* book_store.xcdatamodel */;
			path = book_store.xcdatamodeld;
			sourceTree = "<group>";
			versionGroupType = wrapper.xcdatamodel;
		};
/* End XCVersionGroup section */
	};
	rootObject = 649F1E3A2813BDC0000332D1 /* Project object */;
}
