// !$*UTF8*$!
{
	archiveVersion = 1;
	classes = {
	};
	objectVersion = 55;
	objects = {

/* Begin PBXBuildFile section */
		64346B1428634E420090952A /* BookEntity+CoreDataClass.swift in Sources */ = {isa = PBXBuildFile; fileRef = 64346B1228634E420090952A /* BookEntity+CoreDataClass.swift */; };
		64346B1528634E420090952A /* BookEntity+CoreDataProperties.swift in Sources */ = {isa = PBXBuildFile; fileRef = 64346B1328634E420090952A /* BookEntity+CoreDataProperties.swift */; };
		647B62342863362200C49C61 /* BookStoreTests.swift in Sources */ = {isa = PBXBuildFile; fileRef = 647B62332863362200C49C61 /* BookStoreTests.swift */; };
		647B623C286337E400C49C61 /* Book.xcdatamodeld in Sources */ = {isa = PBXBuildFile; fileRef = 647B623A286337E400C49C61 /* Book.xcdatamodeld */; };
		647B62412863386B00C49C61 /* Book.xcdatamodeld in Sources */ = {isa = PBXBuildFile; fileRef = 647B623A286337E400C49C61 /* Book.xcdatamodeld */; };
		B0E7020528448EB0002B8C86 /* AppDelegate.swift in Sources */ = {isa = PBXBuildFile; fileRef = B0E7020428448EB0002B8C86 /* AppDelegate.swift */; };
		B0E7020728448EB0002B8C86 /* SceneDelegate.swift in Sources */ = {isa = PBXBuildFile; fileRef = B0E7020628448EB0002B8C86 /* SceneDelegate.swift */; };
		B0E7020928448EB0002B8C86 /* BookViewController.swift in Sources */ = {isa = PBXBuildFile; fileRef = B0E7020828448EB0002B8C86 /* BookViewController.swift */; };
		B0E7020C28448EB0002B8C86 /* Main.storyboard in Resources */ = {isa = PBXBuildFile; fileRef = B0E7020A28448EB0002B8C86 /* Main.storyboard */; };
		B0E7020E28448EB1002B8C86 /* Assets.xcassets in Resources */ = {isa = PBXBuildFile; fileRef = B0E7020D28448EB1002B8C86 /* Assets.xcassets */; };
		B0E7021128448EB1002B8C86 /* LaunchScreen.storyboard in Resources */ = {isa = PBXBuildFile; fileRef = B0E7020F28448EB1002B8C86 /* LaunchScreen.storyboard */; };
		B0E702202844901E002B8C86 /* BookDTO.swift in Sources */ = {isa = PBXBuildFile; fileRef = B0E7021F2844901E002B8C86 /* BookDTO.swift */; };
		B0E7022228449271002B8C86 /* RegisterViewController.swift in Sources */ = {isa = PBXBuildFile; fileRef = B0E7022128449271002B8C86 /* RegisterViewController.swift */; };
		B0E7022428449363002B8C86 /* DataManager.swift in Sources */ = {isa = PBXBuildFile; fileRef = B0E7022328449363002B8C86 /* DataManager.swift */; };
		B0E7022628449C03002B8C86 /* BookTableViewCell.swift in Sources */ = {isa = PBXBuildFile; fileRef = B0E7022528449C03002B8C86 /* BookTableViewCell.swift */; };
/* End PBXBuildFile section */

/* Begin PBXContainerItemProxy section */
		647B62352863362200C49C61 /* PBXContainerItemProxy */ = {
			isa = PBXContainerItemProxy;
			containerPortal = B0E701F928448EB0002B8C86 /* Project object */;
			proxyType = 1;
			remoteGlobalIDString = B0E7020028448EB0002B8C86;
			remoteInfo = CoreDataPractice;
		};
/* End PBXContainerItemProxy section */

/* Begin PBXFileReference section */
		64346B1228634E420090952A /* BookEntity+CoreDataClass.swift */ = {isa = PBXFileReference; lastKnownFileType = sourcecode.swift; path = "BookEntity+CoreDataClass.swift"; sourceTree = "<group>"; };
		64346B1328634E420090952A /* BookEntity+CoreDataProperties.swift */ = {isa = PBXFileReference; lastKnownFileType = sourcecode.swift; path = "BookEntity+CoreDataProperties.swift"; sourceTree = "<group>"; };
		647B62312863362200C49C61 /* BookStoreTests.xctest */ = {isa = PBXFileReference; explicitFileType = wrapper.cfbundle; includeInIndex = 0; path = BookStoreTests.xctest; sourceTree = BUILT_PRODUCTS_DIR; };
		647B62332863362200C49C61 /* BookStoreTests.swift */ = {isa = PBXFileReference; lastKnownFileType = sourcecode.swift; path = BookStoreTests.swift; sourceTree = "<group>"; };
		647B623B286337E400C49C61 /* Book.xcdatamodel */ = {isa = PBXFileReference; lastKnownFileType = wrapper.xcdatamodel; path = Book.xcdatamodel; sourceTree = "<group>"; };
		B0E7020128448EB0002B8C86 /* BookStore.app */ = {isa = PBXFileReference; explicitFileType = wrapper.application; includeInIndex = 0; path = BookStore.app; sourceTree = BUILT_PRODUCTS_DIR; };
		B0E7020428448EB0002B8C86 /* AppDelegate.swift */ = {isa = PBXFileReference; lastKnownFileType = sourcecode.swift; path = AppDelegate.swift; sourceTree = "<group>"; };
		B0E7020628448EB0002B8C86 /* SceneDelegate.swift */ = {isa = PBXFileReference; lastKnownFileType = sourcecode.swift; path = SceneDelegate.swift; sourceTree = "<group>"; };
		B0E7020828448EB0002B8C86 /* BookViewController.swift */ = {isa = PBXFileReference; lastKnownFileType = sourcecode.swift; path = BookViewController.swift; sourceTree = "<group>"; };
		B0E7020B28448EB0002B8C86 /* Base */ = {isa = PBXFileReference; lastKnownFileType = file.storyboard; name = Base; path = Base.lproj/Main.storyboard; sourceTree = "<group>"; };
		B0E7020D28448EB1002B8C86 /* Assets.xcassets */ = {isa = PBXFileReference; lastKnownFileType = folder.assetcatalog; path = Assets.xcassets; sourceTree = "<group>"; };
		B0E7021028448EB1002B8C86 /* Base */ = {isa = PBXFileReference; lastKnownFileType = file.storyboard; name = Base; path = Base.lproj/LaunchScreen.storyboard; sourceTree = "<group>"; };
		B0E7021228448EB1002B8C86 /* Info.plist */ = {isa = PBXFileReference; lastKnownFileType = text.plist.xml; path = Info.plist; sourceTree = "<group>"; };
		B0E7021F2844901E002B8C86 /* BookDTO.swift */ = {isa = PBXFileReference; lastKnownFileType = sourcecode.swift; path = BookDTO.swift; sourceTree = "<group>"; };
		B0E7022128449271002B8C86 /* RegisterViewController.swift */ = {isa = PBXFileReference; lastKnownFileType = sourcecode.swift; path = RegisterViewController.swift; sourceTree = "<group>"; };
		B0E7022328449363002B8C86 /* DataManager.swift */ = {isa = PBXFileReference; lastKnownFileType = sourcecode.swift; path = DataManager.swift; sourceTree = "<group>"; };
		B0E7022528449C03002B8C86 /* BookTableViewCell.swift */ = {isa = PBXFileReference; lastKnownFileType = sourcecode.swift; path = BookTableViewCell.swift; sourceTree = "<group>"; };
/* End PBXFileReference section */

/* Begin PBXFrameworksBuildPhase section */
		647B622E2863362200C49C61 /* Frameworks */ = {
			isa = PBXFrameworksBuildPhase;
			buildActionMask = 2147483647;
			files = (
			);
			runOnlyForDeploymentPostprocessing = 0;
		};
		B0E701FE28448EB0002B8C86 /* Frameworks */ = {
			isa = PBXFrameworksBuildPhase;
			buildActionMask = 2147483647;
			files = (
			);
			runOnlyForDeploymentPostprocessing = 0;
		};
/* End PBXFrameworksBuildPhase section */

/* Begin PBXGroup section */
		647B62322863362200C49C61 /* BookStoreTests */ = {
			isa = PBXGroup;
			children = (
				647B62332863362200C49C61 /* BookStoreTests.swift */,
			);
			path = BookStoreTests;
			sourceTree = "<group>";
		};
		B0E701F828448EB0002B8C86 = {
			isa = PBXGroup;
			children = (
				64346B1228634E420090952A /* BookEntity+CoreDataClass.swift */,
				64346B1328634E420090952A /* BookEntity+CoreDataProperties.swift */,
				B0E7020328448EB0002B8C86 /* BookStore */,
				647B62322863362200C49C61 /* BookStoreTests */,
				B0E7020228448EB0002B8C86 /* Products */,
			);
			sourceTree = "<group>";
		};
		B0E7020228448EB0002B8C86 /* Products */ = {
			isa = PBXGroup;
			children = (
				B0E7020128448EB0002B8C86 /* BookStore.app */,
				647B62312863362200C49C61 /* BookStoreTests.xctest */,
			);
			name = Products;
			sourceTree = "<group>";
		};
		B0E7020328448EB0002B8C86 /* BookStore */ = {
			isa = PBXGroup;
			children = (
				B0E702272844AC57002B8C86 /* Application */,
				B0E7022A2844AC70002B8C86 /* Data */,
				B0E702292844AC6A002B8C86 /* View */,
				B0E702282844AC5D002B8C86 /* Controller */,
				B0E7020A28448EB0002B8C86 /* Main.storyboard */,
				B0E7020F28448EB1002B8C86 /* LaunchScreen.storyboard */,
				B0E7020D28448EB1002B8C86 /* Assets.xcassets */,
				647B623A286337E400C49C61 /* Book.xcdatamodeld */,
				B0E7021228448EB1002B8C86 /* Info.plist */,
			);
			path = BookStore;
			sourceTree = "<group>";
		};
		B0E702272844AC57002B8C86 /* Application */ = {
			isa = PBXGroup;
			children = (
				B0E7020428448EB0002B8C86 /* AppDelegate.swift */,
				B0E7020628448EB0002B8C86 /* SceneDelegate.swift */,
			);
			path = Application;
			sourceTree = "<group>";
		};
		B0E702282844AC5D002B8C86 /* Controller */ = {
			isa = PBXGroup;
			children = (
				B0E7020828448EB0002B8C86 /* BookViewController.swift */,
				B0E7022128449271002B8C86 /* RegisterViewController.swift */,
			);
			path = Controller;
			sourceTree = "<group>";
		};
		B0E702292844AC6A002B8C86 /* View */ = {
			isa = PBXGroup;
			children = (
				B0E7022528449C03002B8C86 /* BookTableViewCell.swift */,
			);
			path = View;
			sourceTree = "<group>";
		};
		B0E7022A2844AC70002B8C86 /* Data */ = {
			isa = PBXGroup;
			children = (
				B0E7022328449363002B8C86 /* DataManager.swift */,
				B0E7021F2844901E002B8C86 /* BookDTO.swift */,
			);
			path = Data;
			sourceTree = "<group>";
		};
/* End PBXGroup section */

/* Begin PBXNativeTarget section */
		647B62302863362200C49C61 /* BookStoreTests */ = {
			isa = PBXNativeTarget;
			buildConfigurationList = 647B62372863362200C49C61 /* Build configuration list for PBXNativeTarget "BookStoreTests" */;
			buildPhases = (
				647B622D2863362200C49C61 /* Sources */,
				647B622E2863362200C49C61 /* Frameworks */,
				647B622F2863362200C49C61 /* Resources */,
			);
			buildRules = (
			);
			dependencies = (
				647B62362863362200C49C61 /* PBXTargetDependency */,
			);
			name = BookStoreTests;
			productName = BookStoreTests;
			productReference = 647B62312863362200C49C61 /* BookStoreTests.xctest */;
			productType = "com.apple.product-type.bundle.unit-test";
		};
		B0E7020028448EB0002B8C86 /* BookStore */ = {
			isa = PBXNativeTarget;
			buildConfigurationList = B0E7021528448EB1002B8C86 /* Build configuration list for PBXNativeTarget "BookStore" */;
			buildPhases = (
				B0E701FD28448EB0002B8C86 /* Sources */,
				B0E701FE28448EB0002B8C86 /* Frameworks */,
				B0E701FF28448EB0002B8C86 /* Resources */,
			);
			buildRules = (
			);
			dependencies = (
			);
			name = BookStore;
			productName = CoreDataPractice;
			productReference = B0E7020128448EB0002B8C86 /* BookStore.app */;
			productType = "com.apple.product-type.application";
		};
/* End PBXNativeTarget section */

/* Begin PBXProject section */
		B0E701F928448EB0002B8C86 /* Project object */ = {
			isa = PBXProject;
			attributes = {
				BuildIndependentTargetsInParallel = 1;
				LastSwiftUpdateCheck = 1340;
				LastUpgradeCheck = 1340;
				TargetAttributes = {
					647B62302863362200C49C61 = {
						CreatedOnToolsVersion = 13.4.1;
						TestTargetID = B0E7020028448EB0002B8C86;
					};
					B0E7020028448EB0002B8C86 = {
						CreatedOnToolsVersion = 13.4;
					};
				};
			};
			buildConfigurationList = B0E701FC28448EB0002B8C86 /* Build configuration list for PBXProject "BookStore" */;
			compatibilityVersion = "Xcode 13.0";
			developmentRegion = en;
			hasScannedForEncodings = 0;
			knownRegions = (
				en,
				Base,
			);
			mainGroup = B0E701F828448EB0002B8C86;
			productRefGroup = B0E7020228448EB0002B8C86 /* Products */;
			projectDirPath = "";
			projectRoot = "";
			targets = (
				B0E7020028448EB0002B8C86 /* BookStore */,
				647B62302863362200C49C61 /* BookStoreTests */,
			);
		};
/* End PBXProject section */

/* Begin PBXResourcesBuildPhase section */
		647B622F2863362200C49C61 /* Resources */ = {
			isa = PBXResourcesBuildPhase;
			buildActionMask = 2147483647;
			files = (
			);
			runOnlyForDeploymentPostprocessing = 0;
		};
		B0E701FF28448EB0002B8C86 /* Resources */ = {
			isa = PBXResourcesBuildPhase;
			buildActionMask = 2147483647;
			files = (
				B0E7021128448EB1002B8C86 /* LaunchScreen.storyboard in Resources */,
				B0E7020E28448EB1002B8C86 /* Assets.xcassets in Resources */,
				B0E7020C28448EB0002B8C86 /* Main.storyboard in Resources */,
			);
			runOnlyForDeploymentPostprocessing = 0;
		};
/* End PBXResourcesBuildPhase section */

/* Begin PBXSourcesBuildPhase section */
		647B622D2863362200C49C61 /* Sources */ = {
			isa = PBXSourcesBuildPhase;
			buildActionMask = 2147483647;
			files = (
				647B62412863386B00C49C61 /* Book.xcdatamodeld in Sources */,
				647B62342863362200C49C61 /* BookStoreTests.swift in Sources */,
			);
			runOnlyForDeploymentPostprocessing = 0;
		};
		B0E701FD28448EB0002B8C86 /* Sources */ = {
			isa = PBXSourcesBuildPhase;
			buildActionMask = 2147483647;
			files = (
				64346B1428634E420090952A /* BookEntity+CoreDataClass.swift in Sources */,
				B0E7020928448EB0002B8C86 /* BookViewController.swift in Sources */,
				B0E702202844901E002B8C86 /* BookDTO.swift in Sources */,
				B0E7022228449271002B8C86 /* RegisterViewController.swift in Sources */,
				647B623C286337E400C49C61 /* Book.xcdatamodeld in Sources */,
				B0E7020528448EB0002B8C86 /* AppDelegate.swift in Sources */,
				B0E7022628449C03002B8C86 /* BookTableViewCell.swift in Sources */,
				B0E7022428449363002B8C86 /* DataManager.swift in Sources */,
				B0E7020728448EB0002B8C86 /* SceneDelegate.swift in Sources */,
				64346B1528634E420090952A /* BookEntity+CoreDataProperties.swift in Sources */,
			);
			runOnlyForDeploymentPostprocessing = 0;
		};
/* End PBXSourcesBuildPhase section */

/* Begin PBXTargetDependency section */
		647B62362863362200C49C61 /* PBXTargetDependency */ = {
			isa = PBXTargetDependency;
			target = B0E7020028448EB0002B8C86 /* BookStore */;
			targetProxy = 647B62352863362200C49C61 /* PBXContainerItemProxy */;
		};
/* End PBXTargetDependency section */

/* Begin PBXVariantGroup section */
		B0E7020A28448EB0002B8C86 /* Main.storyboard */ = {
			isa = PBXVariantGroup;
			children = (
				B0E7020B28448EB0002B8C86 /* Base */,
			);
			name = Main.storyboard;
			sourceTree = "<group>";
		};
		B0E7020F28448EB1002B8C86 /* LaunchScreen.storyboard */ = {
			isa = PBXVariantGroup;
			children = (
				B0E7021028448EB1002B8C86 /* Base */,
			);
			name = LaunchScreen.storyboard;
			sourceTree = "<group>";
		};
/* End PBXVariantGroup section */

/* Begin XCBuildConfiguration section */
		647B62382863362200C49C61 /* Debug */ = {
			isa = XCBuildConfiguration;
			buildSettings = {
				BUNDLE_LOADER = "$(TEST_HOST)";
				CODE_SIGN_STYLE = Automatic;
				CURRENT_PROJECT_VERSION = 1;
				DEVELOPMENT_TEAM = MTDP4HFM7X;
				GENERATE_INFOPLIST_FILE = YES;
				MARKETING_VERSION = 1.0;
				PRODUCT_BUNDLE_IDENTIFIER = com.Eddy.BookStoreTests;
				PRODUCT_NAME = "$(TARGET_NAME)";
				SWIFT_EMIT_LOC_STRINGS = NO;
				SWIFT_VERSION = 5.0;
				TARGETED_DEVICE_FAMILY = "1,2";
				TEST_HOST = "$(BUILT_PRODUCTS_DIR)/BookStore.app/BookStore";
			};
			name = Debug;
		};
		647B62392863362200C49C61 /* Release */ = {
			isa = XCBuildConfiguration;
			buildSettings = {
				BUNDLE_LOADER = "$(TEST_HOST)";
				CODE_SIGN_STYLE = Automatic;
				CURRENT_PROJECT_VERSION = 1;
				DEVELOPMENT_TEAM = MTDP4HFM7X;
				GENERATE_INFOPLIST_FILE = YES;
				MARKETING_VERSION = 1.0;
				PRODUCT_BUNDLE_IDENTIFIER = com.Eddy.BookStoreTests;
				PRODUCT_NAME = "$(TARGET_NAME)";
				SWIFT_EMIT_LOC_STRINGS = NO;
				SWIFT_VERSION = 5.0;
				TARGETED_DEVICE_FAMILY = "1,2";
				TEST_HOST = "$(BUILT_PRODUCTS_DIR)/BookStore.app/BookStore";
			};
			name = Release;
		};
		B0E7021328448EB1002B8C86 /* Debug */ = {
			isa = XCBuildConfiguration;
			buildSettings = {
				ALWAYS_SEARCH_USER_PATHS = NO;
				CLANG_ANALYZER_NONNULL = YES;
				CLANG_ANALYZER_NUMBER_OBJECT_CONVERSION = YES_AGGRESSIVE;
				CLANG_CXX_LANGUAGE_STANDARD = "gnu++17";
				CLANG_ENABLE_MODULES = YES;
				CLANG_ENABLE_OBJC_ARC = YES;
				CLANG_ENABLE_OBJC_WEAK = YES;
				CLANG_WARN_BLOCK_CAPTURE_AUTORELEASING = YES;
				CLANG_WARN_BOOL_CONVERSION = YES;
				CLANG_WARN_COMMA = YES;
				CLANG_WARN_CONSTANT_CONVERSION = YES;
				CLANG_WARN_DEPRECATED_OBJC_IMPLEMENTATIONS = YES;
				CLANG_WARN_DIRECT_OBJC_ISA_USAGE = YES_ERROR;
				CLANG_WARN_DOCUMENTATION_COMMENTS = YES;
				CLANG_WARN_EMPTY_BODY = YES;
				CLANG_WARN_ENUM_CONVERSION = YES;
				CLANG_WARN_INFINITE_RECURSION = YES;
				CLANG_WARN_INT_CONVERSION = YES;
				CLANG_WARN_NON_LITERAL_NULL_CONVERSION = YES;
				CLANG_WARN_OBJC_IMPLICIT_RETAIN_SELF = YES;
				CLANG_WARN_OBJC_LITERAL_CONVERSION = YES;
				CLANG_WARN_OBJC_ROOT_CLASS = YES_ERROR;
				CLANG_WARN_QUOTED_INCLUDE_IN_FRAMEWORK_HEADER = YES;
				CLANG_WARN_RANGE_LOOP_ANALYSIS = YES;
				CLANG_WARN_STRICT_PROTOTYPES = YES;
				CLANG_WARN_SUSPICIOUS_MOVE = YES;
				CLANG_WARN_UNGUARDED_AVAILABILITY = YES_AGGRESSIVE;
				CLANG_WARN_UNREACHABLE_CODE = YES;
				CLANG_WARN__DUPLICATE_METHOD_MATCH = YES;
				COPY_PHASE_STRIP = NO;
				DEBUG_INFORMATION_FORMAT = dwarf;
				ENABLE_STRICT_OBJC_MSGSEND = YES;
				ENABLE_TESTABILITY = YES;
				GCC_C_LANGUAGE_STANDARD = gnu11;
				GCC_DYNAMIC_NO_PIC = NO;
				GCC_NO_COMMON_BLOCKS = YES;
				GCC_OPTIMIZATION_LEVEL = 0;
				GCC_PREPROCESSOR_DEFINITIONS = (
					"DEBUG=1",
					"$(inherited)",
				);
				GCC_WARN_64_TO_32_BIT_CONVERSION = YES;
				GCC_WARN_ABOUT_RETURN_TYPE = YES_ERROR;
				GCC_WARN_UNDECLARED_SELECTOR = YES;
				GCC_WARN_UNINITIALIZED_AUTOS = YES_AGGRESSIVE;
				GCC_WARN_UNUSED_FUNCTION = YES;
				GCC_WARN_UNUSED_VARIABLE = YES;
				IPHONEOS_DEPLOYMENT_TARGET = 15.5;
				MTL_ENABLE_DEBUG_INFO = INCLUDE_SOURCE;
				MTL_FAST_MATH = YES;
				ONLY_ACTIVE_ARCH = YES;
				SDKROOT = iphoneos;
				SWIFT_ACTIVE_COMPILATION_CONDITIONS = DEBUG;
				SWIFT_OPTIMIZATION_LEVEL = "-Onone";
			};
			name = Debug;
		};
		B0E7021428448EB1002B8C86 /* Release */ = {
			isa = XCBuildConfiguration;
			buildSettings = {
				ALWAYS_SEARCH_USER_PATHS = NO;
				CLANG_ANALYZER_NONNULL = YES;
				CLANG_ANALYZER_NUMBER_OBJECT_CONVERSION = YES_AGGRESSIVE;
				CLANG_CXX_LANGUAGE_STANDARD = "gnu++17";
				CLANG_ENABLE_MODULES = YES;
				CLANG_ENABLE_OBJC_ARC = YES;
				CLANG_ENABLE_OBJC_WEAK = YES;
				CLANG_WARN_BLOCK_CAPTURE_AUTORELEASING = YES;
				CLANG_WARN_BOOL_CONVERSION = YES;
				CLANG_WARN_COMMA = YES;
				CLANG_WARN_CONSTANT_CONVERSION = YES;
				CLANG_WARN_DEPRECATED_OBJC_IMPLEMENTATIONS = YES;
				CLANG_WARN_DIRECT_OBJC_ISA_USAGE = YES_ERROR;
				CLANG_WARN_DOCUMENTATION_COMMENTS = YES;
				CLANG_WARN_EMPTY_BODY = YES;
				CLANG_WARN_ENUM_CONVERSION = YES;
				CLANG_WARN_INFINITE_RECURSION = YES;
				CLANG_WARN_INT_CONVERSION = YES;
				CLANG_WARN_NON_LITERAL_NULL_CONVERSION = YES;
				CLANG_WARN_OBJC_IMPLICIT_RETAIN_SELF = YES;
				CLANG_WARN_OBJC_LITERAL_CONVERSION = YES;
				CLANG_WARN_OBJC_ROOT_CLASS = YES_ERROR;
				CLANG_WARN_QUOTED_INCLUDE_IN_FRAMEWORK_HEADER = YES;
				CLANG_WARN_RANGE_LOOP_ANALYSIS = YES;
				CLANG_WARN_STRICT_PROTOTYPES = YES;
				CLANG_WARN_SUSPICIOUS_MOVE = YES;
				CLANG_WARN_UNGUARDED_AVAILABILITY = YES_AGGRESSIVE;
				CLANG_WARN_UNREACHABLE_CODE = YES;
				CLANG_WARN__DUPLICATE_METHOD_MATCH = YES;
				COPY_PHASE_STRIP = NO;
				DEBUG_INFORMATION_FORMAT = "dwarf-with-dsym";
				ENABLE_NS_ASSERTIONS = NO;
				ENABLE_STRICT_OBJC_MSGSEND = YES;
				GCC_C_LANGUAGE_STANDARD = gnu11;
				GCC_NO_COMMON_BLOCKS = YES;
				GCC_WARN_64_TO_32_BIT_CONVERSION = YES;
				GCC_WARN_ABOUT_RETURN_TYPE = YES_ERROR;
				GCC_WARN_UNDECLARED_SELECTOR = YES;
				GCC_WARN_UNINITIALIZED_AUTOS = YES_AGGRESSIVE;
				GCC_WARN_UNUSED_FUNCTION = YES;
				GCC_WARN_UNUSED_VARIABLE = YES;
				IPHONEOS_DEPLOYMENT_TARGET = 15.5;
				MTL_ENABLE_DEBUG_INFO = NO;
				MTL_FAST_MATH = YES;
				SDKROOT = iphoneos;
				SWIFT_COMPILATION_MODE = wholemodule;
				SWIFT_OPTIMIZATION_LEVEL = "-O";
				VALIDATE_PRODUCT = YES;
			};
			name = Release;
		};
		B0E7021628448EB1002B8C86 /* Debug */ = {
			isa = XCBuildConfiguration;
			buildSettings = {
				ASSETCATALOG_COMPILER_APPICON_NAME = AppIcon;
				ASSETCATALOG_COMPILER_GLOBAL_ACCENT_COLOR_NAME = AccentColor;
				CODE_SIGN_STYLE = Automatic;
				CURRENT_PROJECT_VERSION = 1;
				DEVELOPMENT_TEAM = MTDP4HFM7X;
				GENERATE_INFOPLIST_FILE = YES;
				INFOPLIST_FILE = BookStore/Info.plist;
				INFOPLIST_KEY_UIApplicationSupportsIndirectInputEvents = YES;
				INFOPLIST_KEY_UILaunchStoryboardName = LaunchScreen;
				INFOPLIST_KEY_UIMainStoryboardFile = Main;
				INFOPLIST_KEY_UISupportedInterfaceOrientations_iPad = "UIInterfaceOrientationPortrait UIInterfaceOrientationPortraitUpsideDown UIInterfaceOrientationLandscapeLeft UIInterfaceOrientationLandscapeRight";
				INFOPLIST_KEY_UISupportedInterfaceOrientations_iPhone = "UIInterfaceOrientationPortrait UIInterfaceOrientationLandscapeLeft UIInterfaceOrientationLandscapeRight";
				IPHONEOS_DEPLOYMENT_TARGET = 15.0;
				LD_RUNPATH_SEARCH_PATHS = (
					"$(inherited)",
					"@executable_path/Frameworks",
				);
				MARKETING_VERSION = 1.0;
				PRODUCT_BUNDLE_IDENTIFIER = Eddy.BookStore;
				PRODUCT_NAME = "$(TARGET_NAME)";
				SWIFT_EMIT_LOC_STRINGS = YES;
				SWIFT_VERSION = 5.0;
				TARGETED_DEVICE_FAMILY = "1,2";
			};
			name = Debug;
		};
		B0E7021728448EB1002B8C86 /* Release */ = {
			isa = XCBuildConfiguration;
			buildSettings = {
				ASSETCATALOG_COMPILER_APPICON_NAME = AppIcon;
				ASSETCATALOG_COMPILER_GLOBAL_ACCENT_COLOR_NAME = AccentColor;
				CODE_SIGN_STYLE = Automatic;
				CURRENT_PROJECT_VERSION = 1;
				DEVELOPMENT_TEAM = MTDP4HFM7X;
				GENERATE_INFOPLIST_FILE = YES;
				INFOPLIST_FILE = BookStore/Info.plist;
				INFOPLIST_KEY_UIApplicationSupportsIndirectInputEvents = YES;
				INFOPLIST_KEY_UILaunchStoryboardName = LaunchScreen;
				INFOPLIST_KEY_UIMainStoryboardFile = Main;
				INFOPLIST_KEY_UISupportedInterfaceOrientations_iPad = "UIInterfaceOrientationPortrait UIInterfaceOrientationPortraitUpsideDown UIInterfaceOrientationLandscapeLeft UIInterfaceOrientationLandscapeRight";
				INFOPLIST_KEY_UISupportedInterfaceOrientations_iPhone = "UIInterfaceOrientationPortrait UIInterfaceOrientationLandscapeLeft UIInterfaceOrientationLandscapeRight";
				IPHONEOS_DEPLOYMENT_TARGET = 15.0;
				LD_RUNPATH_SEARCH_PATHS = (
					"$(inherited)",
					"@executable_path/Frameworks",
				);
				MARKETING_VERSION = 1.0;
				PRODUCT_BUNDLE_IDENTIFIER = Eddy.BookStore;
				PRODUCT_NAME = "$(TARGET_NAME)";
				SWIFT_EMIT_LOC_STRINGS = YES;
				SWIFT_VERSION = 5.0;
				TARGETED_DEVICE_FAMILY = "1,2";
			};
			name = Release;
		};
/* End XCBuildConfiguration section */

/* Begin XCConfigurationList section */
		647B62372863362200C49C61 /* Build configuration list for PBXNativeTarget "BookStoreTests" */ = {
			isa = XCConfigurationList;
			buildConfigurations = (
				647B62382863362200C49C61 /* Debug */,
				647B62392863362200C49C61 /* Release */,
			);
			defaultConfigurationIsVisible = 0;
			defaultConfigurationName = Release;
		};
		B0E701FC28448EB0002B8C86 /* Build configuration list for PBXProject "BookStore" */ = {
			isa = XCConfigurationList;
			buildConfigurations = (
				B0E7021328448EB1002B8C86 /* Debug */,
				B0E7021428448EB1002B8C86 /* Release */,
			);
			defaultConfigurationIsVisible = 0;
			defaultConfigurationName = Release;
		};
		B0E7021528448EB1002B8C86 /* Build configuration list for PBXNativeTarget "BookStore" */ = {
			isa = XCConfigurationList;
			buildConfigurations = (
				B0E7021628448EB1002B8C86 /* Debug */,
				B0E7021728448EB1002B8C86 /* Release */,
			);
			defaultConfigurationIsVisible = 0;
			defaultConfigurationName = Release;
		};
/* End XCConfigurationList section */

/* Begin XCVersionGroup section */
		647B623A286337E400C49C61 /* Book.xcdatamodeld */ = {
			isa = XCVersionGroup;
			children = (
				647B623B286337E400C49C61 /* Book.xcdatamodel */,
			);
			currentVersion = 647B623B286337E400C49C61 /* Book.xcdatamodel */;
			path = Book.xcdatamodeld;
			sourceTree = "<group>";
			versionGroupType = wrapper.xcdatamodel;
		};
/* End XCVersionGroup section */
	};
	rootObject = B0E701F928448EB0002B8C86 /* Project object */;
}
